// !$*UTF8*$!
{
	archiveVersion = 1;
	classes = {
	};
	objectVersion = 48;
	objects = {

/* Begin PBXBuildFile section */
		AC10DBE5200D464900D09C03 /* AppDelegate.swift in Sources */ = {isa = PBXBuildFile; fileRef = AC10DBE4200D464900D09C03 /* AppDelegate.swift */; };
		AC10DBE7200D464900D09C03 /* ApprendreViewController.swift in Sources */ = {isa = PBXBuildFile; fileRef = AC10DBE6200D464900D09C03 /* ApprendreViewController.swift */; };
		AC10DBE9200D464900D09C03 /* CompteViewController.swift in Sources */ = {isa = PBXBuildFile; fileRef = AC10DBE8200D464900D09C03 /* CompteViewController.swift */; };
		AC10DBEC200D464900D09C03 /* Main.storyboard in Resources */ = {isa = PBXBuildFile; fileRef = AC10DBEA200D464900D09C03 /* Main.storyboard */; };
		AC10DBEE200D464900D09C03 /* Assets.xcassets in Resources */ = {isa = PBXBuildFile; fileRef = AC10DBED200D464900D09C03 /* Assets.xcassets */; };
		AC10DBF1200D464900D09C03 /* LaunchScreen.storyboard in Resources */ = {isa = PBXBuildFile; fileRef = AC10DBEF200D464900D09C03 /* LaunchScreen.storyboard */; };
		AC10DBFC200D5E6100D09C03 /* GrammaireViewController.swift in Sources */ = {isa = PBXBuildFile; fileRef = AC10DBFB200D5E6100D09C03 /* GrammaireViewController.swift */; };
		AC10DBFE200D6A6500D09C03 /* TextFiledPadding.swift in Sources */ = {isa = PBXBuildFile; fileRef = AC10DBFD200D6A6500D09C03 /* TextFiledPadding.swift */; };
		AC10DC00200D78E600D09C03 /* Compte2ViewController.swift in Sources */ = {isa = PBXBuildFile; fileRef = AC10DBFF200D78E600D09C03 /* Compte2ViewController.swift */; };
/* End PBXBuildFile section */

/* Begin PBXFileReference section */
		AC10DBE1200D464900D09C03 /* Lingvist.app */ = {isa = PBXFileReference; explicitFileType = wrapper.application; includeInIndex = 0; path = Lingvist.app; sourceTree = BUILT_PRODUCTS_DIR; };
		AC10DBE4200D464900D09C03 /* AppDelegate.swift */ = {isa = PBXFileReference; lastKnownFileType = sourcecode.swift; path = AppDelegate.swift; sourceTree = "<group>"; };
		AC10DBE6200D464900D09C03 /* ApprendreViewController.swift */ = {isa = PBXFileReference; lastKnownFileType = sourcecode.swift; path = ApprendreViewController.swift; sourceTree = "<group>"; };
		AC10DBE8200D464900D09C03 /* CompteViewController.swift */ = {isa = PBXFileReference; lastKnownFileType = sourcecode.swift; path = CompteViewController.swift; sourceTree = "<group>"; };
		AC10DBEB200D464900D09C03 /* Base */ = {isa = PBXFileReference; lastKnownFileType = file.storyboard; name = Base; path = Base.lproj/Main.storyboard; sourceTree = "<group>"; };
		AC10DBED200D464900D09C03 /* Assets.xcassets */ = {isa = PBXFileReference; lastKnownFileType = folder.assetcatalog; path = Assets.xcassets; sourceTree = "<group>"; };
		AC10DBF0200D464900D09C03 /* Base */ = {isa = PBXFileReference; lastKnownFileType = file.storyboard; name = Base; path = Base.lproj/LaunchScreen.storyboard; sourceTree = "<group>"; };
		AC10DBF2200D464900D09C03 /* Info.plist */ = {isa = PBXFileReference; lastKnownFileType = text.plist.xml; path = Info.plist; sourceTree = "<group>"; };
		AC10DBFB200D5E6100D09C03 /* GrammaireViewController.swift */ = {isa = PBXFileReference; lastKnownFileType = sourcecode.swift; path = GrammaireViewController.swift; sourceTree = "<group>"; };
		AC10DBFD200D6A6500D09C03 /* TextFiledPadding.swift */ = {isa = PBXFileReference; lastKnownFileType = sourcecode.swift; path = TextFiledPadding.swift; sourceTree = "<group>"; };
		AC10DBFF200D78E600D09C03 /* Compte2ViewController.swift */ = {isa = PBXFileReference; lastKnownFileType = sourcecode.swift; path = Compte2ViewController.swift; sourceTree = "<group>"; };
/* End PBXFileReference section */

/* Begin PBXFrameworksBuildPhase section */
		AC10DBDE200D464900D09C03 /* Frameworks */ = {
			isa = PBXFrameworksBuildPhase;
			buildActionMask = 2147483647;
			files = (
			);
			runOnlyForDeploymentPostprocessing = 0;
		};
/* End PBXFrameworksBuildPhase section */

/* Begin PBXGroup section */
		AC10DBD8200D464900D09C03 = {
			isa = PBXGroup;
			children = (
				AC10DBE3200D464900D09C03 /* Lingvist */,
				AC10DBE2200D464900D09C03 /* Products */,
			);
			sourceTree = "<group>";
		};
		AC10DBE2200D464900D09C03 /* Products */ = {
			isa = PBXGroup;
			children = (
				AC10DBE1200D464900D09C03 /* Lingvist.app */,
			);
			name = Products;
			sourceTree = "<group>";
		};
		AC10DBE3200D464900D09C03 /* Lingvist */ = {
			isa = PBXGroup;
			children = (
				AC10DBE4200D464900D09C03 /* AppDelegate.swift */,
				AC10DBE6200D464900D09C03 /* ApprendreViewController.swift */,
				AC10DBE8200D464900D09C03 /* CompteViewController.swift */,
				AC10DBEA200D464900D09C03 /* Main.storyboard */,
				AC10DBED200D464900D09C03 /* Assets.xcassets */,
				AC10DBEF200D464900D09C03 /* LaunchScreen.storyboard */,
				AC10DBF2200D464900D09C03 /* Info.plist */,
				AC10DBFB200D5E6100D09C03 /* GrammaireViewController.swift */,
				AC10DBFD200D6A6500D09C03 /* TextFiledPadding.swift */,
				AC10DBFF200D78E600D09C03 /* Compte2ViewController.swift */,
			);
			path = Lingvist;
			sourceTree = "<group>";
		};
/* End PBXGroup section */

/* Begin PBXNativeTarget section */
		AC10DBE0200D464900D09C03 /* Lingvist */ = {
			isa = PBXNativeTarget;
			buildConfigurationList = AC10DBF5200D464900D09C03 /* Build configuration list for PBXNativeTarget "Lingvist" */;
			buildPhases = (
				AC10DBDD200D464900D09C03 /* Sources */,
				AC10DBDE200D464900D09C03 /* Frameworks */,
				AC10DBDF200D464900D09C03 /* Resources */,
			);
			buildRules = (
			);
			dependencies = (
			);
			name = Lingvist;
			productName = Lingvist;
			productReference = AC10DBE1200D464900D09C03 /* Lingvist.app */;
			productType = "com.apple.product-type.application";
		};
/* End PBXNativeTarget section */

/* Begin PBXProject section */
		AC10DBD9200D464900D09C03 /* Project object */ = {
			isa = PBXProject;
			attributes = {
				LastSwiftUpdateCheck = 0920;
				LastUpgradeCheck = 0920;
				ORGANIZATIONNAME = "Xiaowen WANG";
				TargetAttributes = {
					AC10DBE0200D464900D09C03 = {
						CreatedOnToolsVersion = 9.2;
						ProvisioningStyle = Automatic;
					};
				};
			};
			buildConfigurationList = AC10DBDC200D464900D09C03 /* Build configuration list for PBXProject "Lingvist" */;
			compatibilityVersion = "Xcode 8.0";
			developmentRegion = en;
			hasScannedForEncodings = 0;
			knownRegions = (
				en,
				Base,
			);
			mainGroup = AC10DBD8200D464900D09C03;
			productRefGroup = AC10DBE2200D464900D09C03 /* Products */;
			projectDirPath = "";
			projectRoot = "";
			targets = (
				AC10DBE0200D464900D09C03 /* Lingvist */,
			);
		};
/* End PBXProject section */

/* Begin PBXResourcesBuildPhase section */
		AC10DBDF200D464900D09C03 /* Resources */ = {
			isa = PBXResourcesBuildPhase;
			buildActionMask = 2147483647;
			files = (
				AC10DBF1200D464900D09C03 /* LaunchScreen.storyboard in Resources */,
				AC10DBEE200D464900D09C03 /* Assets.xcassets in Resources */,
				AC10DBEC200D464900D09C03 /* Main.storyboard in Resources */,
			);
			runOnlyForDeploymentPostprocessing = 0;
		};
/* End PBXResourcesBuildPhase section */

/* Begin PBXSourcesBuildPhase section */
		AC10DBDD200D464900D09C03 /* Sources */ = {
			isa = PBXSourcesBuildPhase;
			buildActionMask = 2147483647;
			files = (
				AC10DBFC200D5E6100D09C03 /* GrammaireViewController.swift in Sources */,
				AC10DC00200D78E600D09C03 /* Compte2ViewController.swift in Sources */,
				AC10DBE9200D464900D09C03 /* CompteViewController.swift in Sources */,
				AC10DBFE200D6A6500D09C03 /* TextFiledPadding.swift in Sources */,
				AC10DBE5200D464900D09C03 /* AppDelegate.swift in Sources */,
				AC10DBE7200D464900D09C03 /* ApprendreViewController.swift in Sources */,
			);
			runOnlyForDeploymentPostprocessing = 0;
		};
/* End PBXSourcesBuildPhase section */

/* Begin PBXVariantGroup section */
		AC10DBEA200D464900D09C03 /* Main.storyboard */ = {
			isa = PBXVariantGroup;
			children = (
				AC10DBEB200D464900D09C03 /* Base */,
			);
			name = Main.storyboard;
			sourceTree = "<group>";
		};
		AC10DBEF200D464900D09C03 /* LaunchScreen.storyboard */ = {
			isa = PBXVariantGroup;
			children = (
				AC10DBF0200D464900D09C03 /* Base */,
			);
			name = LaunchScreen.storyboard;
			sourceTree = "<group>";
		};
/* End PBXVariantGroup section */

/* Begin XCBuildConfiguration section */
		AC10DBF3200D464900D09C03 /* Debug */ = {
			isa = XCBuildConfiguration;
			buildSettings = {
				ALWAYS_SEARCH_USER_PATHS = NO;
				CLANG_ANALYZER_NONNULL = YES;
				CLANG_ANALYZER_NUMBER_OBJECT_CONVERSION = YES_AGGRESSIVE;
				CLANG_CXX_LANGUAGE_STANDARD = "gnu++14";
				CLANG_CXX_LIBRARY = "libc++";
				CLANG_ENABLE_MODULES = YES;
				CLANG_ENABLE_OBJC_ARC = YES;
				CLANG_WARN_BLOCK_CAPTURE_AUTORELEASING = YES;
				CLANG_WARN_BOOL_CONVERSION = YES;
				CLANG_WARN_COMMA = YES;
				CLANG_WARN_CONSTANT_CONVERSION = YES;
				CLANG_WARN_DIRECT_OBJC_ISA_USAGE = YES_ERROR;
				CLANG_WARN_DOCUMENTATION_COMMENTS = YES;
				CLANG_WARN_EMPTY_BODY = YES;
				CLANG_WARN_ENUM_CONVERSION = YES;
				CLANG_WARN_INFINITE_RECURSION = YES;
				CLANG_WARN_INT_CONVERSION = YES;
				CLANG_WARN_NON_LITERAL_NULL_CONVERSION = YES;
				CLANG_WARN_OBJC_LITERAL_CONVERSION = YES;
				CLANG_WARN_OBJC_ROOT_CLASS = YES_ERROR;
				CLANG_WARN_RANGE_LOOP_ANALYSIS = YES;
				CLANG_WARN_STRICT_PROTOTYPES = YES;
				CLANG_WARN_SUSPICIOUS_MOVE = YES;
				CLANG_WARN_UNGUARDED_AVAILABILITY = YES_AGGRESSIVE;
				CLANG_WARN_UNREACHABLE_CODE = YES;
				CLANG_WARN__DUPLICATE_METHOD_MATCH = YES;
				CODE_SIGN_IDENTITY = "iPhone Developer";
				COPY_PHASE_STRIP = NO;
				DEBUG_INFORMATION_FORMAT = dwarf;
				ENABLE_STRICT_OBJC_MSGSEND = YES;
				ENABLE_TESTABILITY = YES;
				GCC_C_LANGUAGE_STANDARD = gnu11;
				GCC_DYNAMIC_NO_PIC = NO;
				GCC_NO_COMMON_BLOCKS = YES;
				GCC_OPTIMIZATION_LEVEL = 0;
				GCC_PREPROCESSOR_DEFINITIONS = (
					"DEBUG=1",
					"$(inherited)",
				);
				GCC_WARN_64_TO_32_BIT_CONVERSION = YES;
				GCC_WARN_ABOUT_RETURN_TYPE = YES_ERROR;
				GCC_WARN_UNDECLARED_SELECTOR = YES;
				GCC_WARN_UNINITIALIZED_AUTOS = YES_AGGRESSIVE;
				GCC_WARN_UNUSED_FUNCTION = YES;
				GCC_WARN_UNUSED_VARIABLE = YES;
				IPHONEOS_DEPLOYMENT_TARGET = 11.2;
				MTL_ENABLE_DEBUG_INFO = YES;
				ONLY_ACTIVE_ARCH = YES;
				SDKROOT = iphoneos;
				SWIFT_ACTIVE_COMPILATION_CONDITIONS = DEBUG;
				SWIFT_OPTIMIZATION_LEVEL = "-Onone";
			};
			name = Debug;
		};
		AC10DBF4200D464900D09C03 /* Release */ = {
			isa = XCBuildConfiguration;
			buildSettings = {
				ALWAYS_SEARCH_USER_PATHS = NO;
				CLANG_ANALYZER_NONNULL = YES;
				CLANG_ANALYZER_NUMBER_OBJECT_CONVERSION = YES_AGGRESSIVE;
				CLANG_CXX_LANGUAGE_STANDARD = "gnu++14";
				CLANG_CXX_LIBRARY = "libc++";
				CLANG_ENABLE_MODULES = YES;
				CLANG_ENABLE_OBJC_ARC = YES;
				CLANG_WARN_BLOCK_CAPTURE_AUTORELEASING = YES;
				CLANG_WARN_BOOL_CONVERSION = YES;
				CLANG_WARN_COMMA = YES;
				CLANG_WARN_CONSTANT_CONVERSION = YES;
				CLANG_WARN_DIRECT_OBJC_ISA_USAGE = YES_ERROR;
				CLANG_WARN_DOCUMENTATION_COMMENTS = YES;
				CLANG_WARN_EMPTY_BODY = YES;
				CLANG_WARN_ENUM_CONVERSION = YES;
				CLANG_WARN_INFINITE_RECURSION = YES;
				CLANG_WARN_INT_CONVERSION = YES;
				CLANG_WARN_NON_LITERAL_NULL_CONVERSION = YES;
				CLANG_WARN_OBJC_LITERAL_CONVERSION = YES;
				CLANG_WARN_OBJC_ROOT_CLASS = YES_ERROR;
				CLANG_WARN_RANGE_LOOP_ANALYSIS = YES;
				CLANG_WARN_STRICT_PROTOTYPES = YES;
				CLANG_WARN_SUSPICIOUS_MOVE = YES;
				CLANG_WARN_UNGUARDED_AVAILABILITY = YES_AGGRESSIVE;
				CLANG_WARN_UNREACHABLE_CODE = YES;
				CLANG_WARN__DUPLICATE_METHOD_MATCH = YES;
				CODE_SIGN_IDENTITY = "iPhone Developer";
				COPY_PHASE_STRIP = NO;
				DEBUG_INFORMATION_FORMAT = "dwarf-with-dsym";
				ENABLE_NS_ASSERTIONS = NO;
				ENABLE_STRICT_OBJC_MSGSEND = YES;
				GCC_C_LANGUAGE_STANDARD = gnu11;
				GCC_NO_COMMON_BLOCKS = YES;
				GCC_WARN_64_TO_32_BIT_CONVERSION = YES;
				GCC_WARN_ABOUT_RETURN_TYPE = YES_ERROR;
				GCC_WARN_UNDECLARED_SELECTOR = YES;
				GCC_WARN_UNINITIALIZED_AUTOS = YES_AGGRESSIVE;
				GCC_WARN_UNUSED_FUNCTION = YES;
				GCC_WARN_UNUSED_VARIABLE = YES;
				IPHONEOS_DEPLOYMENT_TARGET = 11.2;
				MTL_ENABLE_DEBUG_INFO = NO;
				SDKROOT = iphoneos;
				SWIFT_OPTIMIZATION_LEVEL = "-Owholemodule";
				VALIDATE_PRODUCT = YES;
			};
			name = Release;
		};
		AC10DBF6200D464900D09C03 /* Debug */ = {
			isa = XCBuildConfiguration;
			buildSettings = {
				ASSETCATALOG_COMPILER_APPICON_NAME = AppIcon;
				CODE_SIGN_STYLE = Automatic;
				INFOPLIST_FILE = Lingvist/Info.plist;
				LD_RUNPATH_SEARCH_PATHS = "$(inherited) @executable_path/Frameworks";
				PRODUCT_BUNDLE_IDENTIFIER = fr.utt.if26.Lingvist;
				PRODUCT_NAME = "$(TARGET_NAME)";
				SWIFT_VERSION = 4.0;
				TARGETED_DEVICE_FAMILY = "1,2";
			};
			name = Debug;
		};
		AC10DBF7200D464900D09C03 /* Release */ = {
			isa = XCBuildConfiguration;
			buildSettings = {
				ASSETCATALOG_COMPILER_APPICON_NAME = AppIcon;
				CODE_SIGN_STYLE = Automatic;
				INFOPLIST_FILE = Lingvist/Info.plist;
				LD_RUNPATH_SEARCH_PATHS = "$(inherited) @executable_path/Frameworks";
				PRODUCT_BUNDLE_IDENTIFIER = fr.utt.if26.Lingvist;
				PRODUCT_NAME = "$(TARGET_NAME)";
				SWIFT_VERSION = 4.0;
				TARGETED_DEVICE_FAMILY = "1,2";
			};
			name = Release;
		};
/* End XCBuildConfiguration section */

/* Begin XCConfigurationList section */
		AC10DBDC200D464900D09C03 /* Build configuration list for PBXProject "Lingvist" */ = {
			isa = XCConfigurationList;
			buildConfigurations = (
				AC10DBF3200D464900D09C03 /* Debug */,
				AC10DBF4200D464900D09C03 /* Release */,
			);
			defaultConfigurationIsVisible = 0;
			defaultConfigurationName = Release;
		};
		AC10DBF5200D464900D09C03 /* Build configuration list for PBXNativeTarget "Lingvist" */ = {
			isa = XCConfigurationList;
			buildConfigurations = (
				AC10DBF6200D464900D09C03 /* Debug */,
				AC10DBF7200D464900D09C03 /* Release */,
			);
			defaultConfigurationIsVisible = 0;
			defaultConfigurationName = Release;
		};
/* End XCConfigurationList section */
	};
	rootObject = AC10DBD9200D464900D09C03 /* Project object */;
}
